
Microsoft Visual Studio Solution File, Format Version 12.00
# Visual Studio 15
VisualStudioVersion = 15.0.28307.329
MinimumVisualStudioVersion = 10.0.40219.1
Project("{9A19103F-16F7-4668-BE54-9A1E7A4F7556}") = "myMLApp", "myMLApp.csproj", "{3D1076DB-A41E-4BC5-98B3-6655458FC48F}"
EndProject
Global
	GlobalSection(SolutionConfigurationPlatforms) = preSolution
		Debug|Any CPU = Debug|Any CPU
		Release|Any CPU = Release|Any CPU
	EndGlobalSection
	GlobalSection(ProjectConfigurationPlatforms) = postSolution
		{3D1076DB-A41E-4BC5-98B3-6655458FC48F}.Debug|Any CPU.ActiveCfg = Debug|Any CPU
		{3D1076DB-A41E-4BC5-98B3-6655458FC48F}.Debug|Any CPU.Build.0 = Debug|Any CPU
		{3D1076DB-A41E-4BC5-98B3-6655458FC48F}.Release|Any CPU.ActiveCfg = Release|Any CPU
		{3D1076DB-A41E-4BC5-98B3-6655458FC48F}.Release|Any CPU.Build.0 = Release|Any CPU
	EndGlobalSection
	GlobalSection(SolutionProperties) = preSolution
		HideSolutionNode = FALSE
	EndGlobalSection
	GlobalSection(ExtensibilityGlobals) = postSolution
		SolutionGuid = {7557AB3A-3BF5-4FAA-8D27-355A18DFF92F}
	EndGlobalSection
EndGlobal
